// !$*UTF8*$!
{
	archiveVersion = 1;
	classes = {
	};
	objectVersion = 51;
	objects = {

/* Begin PBXBuildFile section */
		0BF49433A3D99F88D7B0F198 /* Pods_SwiftID_SwiftIDTests.framework in Frameworks */ = {isa = PBXBuildFile; fileRef = A465ADA9A10B22D5AF784B84 /* Pods_SwiftID_SwiftIDTests.framework */; };
		79880A4D240F212200878C2B /* AppDelegate.swift in Sources */ = {isa = PBXBuildFile; fileRef = 79880A4C240F212200878C2B /* AppDelegate.swift */; };
		79880A4F240F212200878C2B /* SceneDelegate.swift in Sources */ = {isa = PBXBuildFile; fileRef = 79880A4E240F212200878C2B /* SceneDelegate.swift */; };
		79880A54240F212200878C2B /* Main.storyboard in Resources */ = {isa = PBXBuildFile; fileRef = 79880A52240F212200878C2B /* Main.storyboard */; };
		79880A56240F212200878C2B /* Assets.xcassets in Resources */ = {isa = PBXBuildFile; fileRef = 79880A55240F212200878C2B /* Assets.xcassets */; };
		79880A59240F212200878C2B /* LaunchScreen.storyboard in Resources */ = {isa = PBXBuildFile; fileRef = 79880A57240F212200878C2B /* LaunchScreen.storyboard */; };
		79880A64240F212200878C2B /* SwiftIDTests.swift in Sources */ = {isa = PBXBuildFile; fileRef = 79880A63240F212200878C2B /* SwiftIDTests.swift */; };
		79880A6F240F215C00878C2B /* BitcoinViewController.swift in Sources */ = {isa = PBXBuildFile; fileRef = 79880A6E240F215C00878C2B /* BitcoinViewController.swift */; };
		79880A72240F237600878C2B /* Price.swift in Sources */ = {isa = PBXBuildFile; fileRef = 79880A71240F237600878C2B /* Price.swift */; };
		79880A75240F239A00878C2B /* PriceResponse.swift in Sources */ = {isa = PBXBuildFile; fileRef = 79880A74240F239A00878C2B /* PriceResponse.swift */; };
		79880A77240F23B500878C2B /* Error.swift in Sources */ = {isa = PBXBuildFile; fileRef = 79880A76240F23B500878C2B /* Error.swift */; };
		79880A79240F241600878C2B /* Endpoint.swift in Sources */ = {isa = PBXBuildFile; fileRef = 79880A78240F241600878C2B /* Endpoint.swift */; };
		79880A7C240F25C700878C2B /* HTTPNetworking.swift in Sources */ = {isa = PBXBuildFile; fileRef = 79880A7B240F25C700878C2B /* HTTPNetworking.swift */; };
		79EEB5AF2412FAED00623DCC /* BitcoinPriceFetcher.swift in Sources */ = {isa = PBXBuildFile; fileRef = 79EEB5AE2412FAED00623DCC /* BitcoinPriceFetcher.swift */; };
		79EEB5B324131B3C00623DCC /* NetworkTests.swift in Sources */ = {isa = PBXBuildFile; fileRef = 79EEB5B224131B3C00623DCC /* NetworkTests.swift */; };
		79EEB5BB2413BC8D00623DCC /* dataset-two.json in Resources */ = {isa = PBXBuildFile; fileRef = 79EEB5B92413BC8D00623DCC /* dataset-two.json */; };
		79EEB5BC2413BC8D00623DCC /* dataset-one.json in Resources */ = {isa = PBXBuildFile; fileRef = 79EEB5BA2413BC8D00623DCC /* dataset-one.json */; };
		79EEB5BE241410E100623DCC /* SwinjectStoryboard+Extension.swift in Sources */ = {isa = PBXBuildFile; fileRef = 79EEB5BD241410E100623DCC /* SwinjectStoryboard+Extension.swift */; };
		F45BAB7A60FA74DF61A3A89A /* Pods_SwiftID.framework in Frameworks */ = {isa = PBXBuildFile; fileRef = 2363E125CAB1E7E7A8C0CA1B /* Pods_SwiftID.framework */; };
/* End PBXBuildFile section */

/* Begin PBXContainerItemProxy section */
		79880A60240F212200878C2B /* PBXContainerItemProxy */ = {
			isa = PBXContainerItemProxy;
			containerPortal = 79880A41240F212200878C2B /* Project object */;
			proxyType = 1;
			remoteGlobalIDString = 79880A48240F212200878C2B;
			remoteInfo = SwiftID;
		};
/* End PBXContainerItemProxy section */

/* Begin PBXFileReference section */
		2363E125CAB1E7E7A8C0CA1B /* Pods_SwiftID.framework */ = {isa = PBXFileReference; explicitFileType = wrapper.framework; includeInIndex = 0; path = Pods_SwiftID.framework; sourceTree = BUILT_PRODUCTS_DIR; };
		416AE081B4123D07B0293344 /* Pods-SwiftID.release.xcconfig */ = {isa = PBXFileReference; includeInIndex = 1; lastKnownFileType = text.xcconfig; name = "Pods-SwiftID.release.xcconfig"; path = "Target Support Files/Pods-SwiftID/Pods-SwiftID.release.xcconfig"; sourceTree = "<group>"; };
		4F8069505195DE187EAFEDAE /* Pods-SwiftID-SwiftIDTests.release.xcconfig */ = {isa = PBXFileReference; includeInIndex = 1; lastKnownFileType = text.xcconfig; name = "Pods-SwiftID-SwiftIDTests.release.xcconfig"; path = "Target Support Files/Pods-SwiftID-SwiftIDTests/Pods-SwiftID-SwiftIDTests.release.xcconfig"; sourceTree = "<group>"; };
		79880A49240F212200878C2B /* SwiftID.app */ = {isa = PBXFileReference; explicitFileType = wrapper.application; includeInIndex = 0; path = SwiftID.app; sourceTree = BUILT_PRODUCTS_DIR; };
		79880A4C240F212200878C2B /* AppDelegate.swift */ = {isa = PBXFileReference; lastKnownFileType = sourcecode.swift; path = AppDelegate.swift; sourceTree = "<group>"; };
		79880A4E240F212200878C2B /* SceneDelegate.swift */ = {isa = PBXFileReference; lastKnownFileType = sourcecode.swift; path = SceneDelegate.swift; sourceTree = "<group>"; };
		79880A53240F212200878C2B /* Base */ = {isa = PBXFileReference; lastKnownFileType = file.storyboard; name = Base; path = Base.lproj/Main.storyboard; sourceTree = "<group>"; };
		79880A55240F212200878C2B /* Assets.xcassets */ = {isa = PBXFileReference; lastKnownFileType = folder.assetcatalog; path = Assets.xcassets; sourceTree = "<group>"; };
		79880A58240F212200878C2B /* Base */ = {isa = PBXFileReference; lastKnownFileType = file.storyboard; name = Base; path = Base.lproj/LaunchScreen.storyboard; sourceTree = "<group>"; };
		79880A5A240F212200878C2B /* Info.plist */ = {isa = PBXFileReference; lastKnownFileType = text.plist.xml; path = Info.plist; sourceTree = "<group>"; };
		79880A5F240F212200878C2B /* SwiftIDTests.xctest */ = {isa = PBXFileReference; explicitFileType = wrapper.cfbundle; includeInIndex = 0; path = SwiftIDTests.xctest; sourceTree = BUILT_PRODUCTS_DIR; };
		79880A63240F212200878C2B /* SwiftIDTests.swift */ = {isa = PBXFileReference; lastKnownFileType = sourcecode.swift; path = SwiftIDTests.swift; sourceTree = "<group>"; };
		79880A65240F212200878C2B /* Info.plist */ = {isa = PBXFileReference; lastKnownFileType = text.plist.xml; path = Info.plist; sourceTree = "<group>"; };
		79880A6E240F215C00878C2B /* BitcoinViewController.swift */ = {isa = PBXFileReference; lastKnownFileType = sourcecode.swift; path = BitcoinViewController.swift; sourceTree = "<group>"; };
		79880A71240F237600878C2B /* Price.swift */ = {isa = PBXFileReference; lastKnownFileType = sourcecode.swift; path = Price.swift; sourceTree = "<group>"; };
		79880A74240F239A00878C2B /* PriceResponse.swift */ = {isa = PBXFileReference; lastKnownFileType = sourcecode.swift; path = PriceResponse.swift; sourceTree = "<group>"; };
		79880A76240F23B500878C2B /* Error.swift */ = {isa = PBXFileReference; lastKnownFileType = sourcecode.swift; path = Error.swift; sourceTree = "<group>"; };
		79880A78240F241600878C2B /* Endpoint.swift */ = {isa = PBXFileReference; fileEncoding = 4; lastKnownFileType = sourcecode.swift; path = Endpoint.swift; sourceTree = "<group>"; };
		79880A7B240F25C700878C2B /* HTTPNetworking.swift */ = {isa = PBXFileReference; lastKnownFileType = sourcecode.swift; name = HTTPNetworking.swift; path = SwiftID/Models/HTTPNetworking.swift; sourceTree = SOURCE_ROOT; };
		79EEB5AE2412FAED00623DCC /* BitcoinPriceFetcher.swift */ = {isa = PBXFileReference; lastKnownFileType = sourcecode.swift; path = BitcoinPriceFetcher.swift; sourceTree = "<group>"; };
		79EEB5B224131B3C00623DCC /* NetworkTests.swift */ = {isa = PBXFileReference; lastKnownFileType = sourcecode.swift; path = NetworkTests.swift; sourceTree = "<group>"; };
		79EEB5B92413BC8D00623DCC /* dataset-two.json */ = {isa = PBXFileReference; fileEncoding = 4; lastKnownFileType = text.json; path = "dataset-two.json"; sourceTree = "<group>"; };
		79EEB5BA2413BC8D00623DCC /* dataset-one.json */ = {isa = PBXFileReference; fileEncoding = 4; lastKnownFileType = text.json; path = "dataset-one.json"; sourceTree = "<group>"; };
		79EEB5BD241410E100623DCC /* SwinjectStoryboard+Extension.swift */ = {isa = PBXFileReference; lastKnownFileType = sourcecode.swift; path = "SwinjectStoryboard+Extension.swift"; sourceTree = "<group>"; };
		A465ADA9A10B22D5AF784B84 /* Pods_SwiftID_SwiftIDTests.framework */ = {isa = PBXFileReference; explicitFileType = wrapper.framework; includeInIndex = 0; path = Pods_SwiftID_SwiftIDTests.framework; sourceTree = BUILT_PRODUCTS_DIR; };
		CA6A63E861C2AEBAB9B3F687 /* Pods-SwiftID-SwiftIDTests.debug.xcconfig */ = {isa = PBXFileReference; includeInIndex = 1; lastKnownFileType = text.xcconfig; name = "Pods-SwiftID-SwiftIDTests.debug.xcconfig"; path = "Target Support Files/Pods-SwiftID-SwiftIDTests/Pods-SwiftID-SwiftIDTests.debug.xcconfig"; sourceTree = "<group>"; };
		E4E36F602589E716A1EDEC66 /* Pods-SwiftID.debug.xcconfig */ = {isa = PBXFileReference; includeInIndex = 1; lastKnownFileType = text.xcconfig; name = "Pods-SwiftID.debug.xcconfig"; path = "Target Support Files/Pods-SwiftID/Pods-SwiftID.debug.xcconfig"; sourceTree = "<group>"; };
/* End PBXFileReference section */

/* Begin PBXFrameworksBuildPhase section */
		79880A46240F212200878C2B /* Frameworks */ = {
			isa = PBXFrameworksBuildPhase;
			buildActionMask = 2147483647;
			files = (
				F45BAB7A60FA74DF61A3A89A /* Pods_SwiftID.framework in Frameworks */,
			);
			runOnlyForDeploymentPostprocessing = 0;
		};
		79880A5C240F212200878C2B /* Frameworks */ = {
			isa = PBXFrameworksBuildPhase;
			buildActionMask = 2147483647;
			files = (
				0BF49433A3D99F88D7B0F198 /* Pods_SwiftID_SwiftIDTests.framework in Frameworks */,
			);
			runOnlyForDeploymentPostprocessing = 0;
		};
/* End PBXFrameworksBuildPhase section */

/* Begin PBXGroup section */
		37F10C98E19A211CA9EE43AD /* Pods */ = {
			isa = PBXGroup;
			children = (
				E4E36F602589E716A1EDEC66 /* Pods-SwiftID.debug.xcconfig */,
				416AE081B4123D07B0293344 /* Pods-SwiftID.release.xcconfig */,
				CA6A63E861C2AEBAB9B3F687 /* Pods-SwiftID-SwiftIDTests.debug.xcconfig */,
				4F8069505195DE187EAFEDAE /* Pods-SwiftID-SwiftIDTests.release.xcconfig */,
			);
			path = Pods;
			sourceTree = "<group>";
		};
		79880A40240F212200878C2B = {
			isa = PBXGroup;
			children = (
				79880A4B240F212200878C2B /* SwiftID */,
				79880A62240F212200878C2B /* SwiftIDTests */,
				79880A4A240F212200878C2B /* Products */,
				37F10C98E19A211CA9EE43AD /* Pods */,
				FEA1934320BD3038E146DC88 /* Frameworks */,
			);
			sourceTree = "<group>";
		};
		79880A4A240F212200878C2B /* Products */ = {
			isa = PBXGroup;
			children = (
				79880A49240F212200878C2B /* SwiftID.app */,
				79880A5F240F212200878C2B /* SwiftIDTests.xctest */,
			);
			name = Products;
			sourceTree = "<group>";
		};
		79880A4B240F212200878C2B /* SwiftID */ = {
			isa = PBXGroup;
			children = (
				79880A7A240F259C00878C2B /* Dependencies */,
				79880A70240F236300878C2B /* Models */,
				79880A4C240F212200878C2B /* AppDelegate.swift */,
				79880A4E240F212200878C2B /* SceneDelegate.swift */,
				79880A52240F212200878C2B /* Main.storyboard */,
				79880A55240F212200878C2B /* Assets.xcassets */,
				79880A57240F212200878C2B /* LaunchScreen.storyboard */,
				79880A5A240F212200878C2B /* Info.plist */,
				79880A6E240F215C00878C2B /* BitcoinViewController.swift */,
			);
			path = SwiftID;
			sourceTree = "<group>";
		};
		79880A62240F212200878C2B /* SwiftIDTests */ = {
			isa = PBXGroup;
			children = (
				79EEB5B42413BC3500623DCC /* Dataset */,
				79880A63240F212200878C2B /* SwiftIDTests.swift */,
				79880A65240F212200878C2B /* Info.plist */,
				79EEB5B224131B3C00623DCC /* NetworkTests.swift */,
			);
			path = SwiftIDTests;
			sourceTree = "<group>";
		};
		79880A70240F236300878C2B /* Models */ = {
			isa = PBXGroup;
			children = (
				79880A78240F241600878C2B /* Endpoint.swift */,
				79880A71240F237600878C2B /* Price.swift */,
				79880A74240F239A00878C2B /* PriceResponse.swift */,
				79880A76240F23B500878C2B /* Error.swift */,
			);
			path = Models;
			sourceTree = "<group>";
		};
		79880A7A240F259C00878C2B /* Dependencies */ = {
			isa = PBXGroup;
			children = (
				79880A7B240F25C700878C2B /* HTTPNetworking.swift */,
				79EEB5AE2412FAED00623DCC /* BitcoinPriceFetcher.swift */,
				79EEB5BD241410E100623DCC /* SwinjectStoryboard+Extension.swift */,
			);
			path = Dependencies;
			sourceTree = "<group>";
		};
		79EEB5B42413BC3500623DCC /* Dataset */ = {
			isa = PBXGroup;
			children = (
				79EEB5BA2413BC8D00623DCC /* dataset-one.json */,
				79EEB5B92413BC8D00623DCC /* dataset-two.json */,
			);
			path = Dataset;
			sourceTree = "<group>";
		};
		FEA1934320BD3038E146DC88 /* Frameworks */ = {
			isa = PBXGroup;
			children = (
				2363E125CAB1E7E7A8C0CA1B /* Pods_SwiftID.framework */,
				A465ADA9A10B22D5AF784B84 /* Pods_SwiftID_SwiftIDTests.framework */,
			);
			name = Frameworks;
			sourceTree = "<group>";
		};
/* End PBXGroup section */

/* Begin PBXNativeTarget section */
		79880A48240F212200878C2B /* SwiftID */ = {
			isa = PBXNativeTarget;
			buildConfigurationList = 79880A68240F212200878C2B /* Build configuration list for PBXNativeTarget "SwiftID" */;
			buildPhases = (
				7BCFFBC5CAFEC0E0A62C30BE /* [CP] Check Pods Manifest.lock */,
				79880A45240F212200878C2B /* Sources */,
				79880A46240F212200878C2B /* Frameworks */,
				79880A47240F212200878C2B /* Resources */,
				7DCD8F8C6E9404DB87B6180A /* [CP] Embed Pods Frameworks */,
			);
			buildRules = (
			);
			dependencies = (
			);
			name = SwiftID;
			productName = SwiftID;
			productReference = 79880A49240F212200878C2B /* SwiftID.app */;
			productType = "com.apple.product-type.application";
		};
		79880A5E240F212200878C2B /* SwiftIDTests */ = {
			isa = PBXNativeTarget;
			buildConfigurationList = 79880A6B240F212200878C2B /* Build configuration list for PBXNativeTarget "SwiftIDTests" */;
			buildPhases = (
				AB4838C52C5A0F3C65AC40E4 /* [CP] Check Pods Manifest.lock */,
				79880A5B240F212200878C2B /* Sources */,
				79880A5C240F212200878C2B /* Frameworks */,
				79880A5D240F212200878C2B /* Resources */,
				9E6F1E6FE48853E88BFED153 /* [CP] Embed Pods Frameworks */,
			);
			buildRules = (
			);
			dependencies = (
				79880A61240F212200878C2B /* PBXTargetDependency */,
			);
			name = SwiftIDTests;
			productName = SwiftIDTests;
			productReference = 79880A5F240F212200878C2B /* SwiftIDTests.xctest */;
			productType = "com.apple.product-type.bundle.unit-test";
		};
/* End PBXNativeTarget section */

/* Begin PBXProject section */
		79880A41240F212200878C2B /* Project object */ = {
			isa = PBXProject;
			attributes = {
				LastSwiftUpdateCheck = 1130;
				LastUpgradeCheck = 1130;
				ORGANIZATIONNAME = "Ariel Rodriguez";
				TargetAttributes = {
					79880A48240F212200878C2B = {
						CreatedOnToolsVersion = 11.3.1;
					};
					79880A5E240F212200878C2B = {
						CreatedOnToolsVersion = 11.3.1;
						TestTargetID = 79880A48240F212200878C2B;
					};
				};
			};
			buildConfigurationList = 79880A44240F212200878C2B /* Build configuration list for PBXProject "SwiftID" */;
			compatibilityVersion = "Xcode 9.3";
			developmentRegion = en;
			hasScannedForEncodings = 0;
			knownRegions = (
				en,
				Base,
			);
			mainGroup = 79880A40240F212200878C2B;
			productRefGroup = 79880A4A240F212200878C2B /* Products */;
			projectDirPath = "";
			projectRoot = "";
			targets = (
				79880A48240F212200878C2B /* SwiftID */,
				79880A5E240F212200878C2B /* SwiftIDTests */,
			);
		};
/* End PBXProject section */

/* Begin PBXResourcesBuildPhase section */
		79880A47240F212200878C2B /* Resources */ = {
			isa = PBXResourcesBuildPhase;
			buildActionMask = 2147483647;
			files = (
				79880A59240F212200878C2B /* LaunchScreen.storyboard in Resources */,
				79880A56240F212200878C2B /* Assets.xcassets in Resources */,
				79880A54240F212200878C2B /* Main.storyboard in Resources */,
			);
			runOnlyForDeploymentPostprocessing = 0;
		};
		79880A5D240F212200878C2B /* Resources */ = {
			isa = PBXResourcesBuildPhase;
			buildActionMask = 2147483647;
			files = (
				79EEB5BB2413BC8D00623DCC /* dataset-two.json in Resources */,
				79EEB5BC2413BC8D00623DCC /* dataset-one.json in Resources */,
			);
			runOnlyForDeploymentPostprocessing = 0;
		};
/* End PBXResourcesBuildPhase section */

/* Begin PBXShellScriptBuildPhase section */
		7BCFFBC5CAFEC0E0A62C30BE /* [CP] Check Pods Manifest.lock */ = {
			isa = PBXShellScriptBuildPhase;
			buildActionMask = 2147483647;
			files = (
			);
			inputFileListPaths = (
			);
			inputPaths = (
				"${PODS_PODFILE_DIR_PATH}/Podfile.lock",
				"${PODS_ROOT}/Manifest.lock",
			);
			name = "[CP] Check Pods Manifest.lock";
			outputFileListPaths = (
			);
			outputPaths = (
				"$(DERIVED_FILE_DIR)/Pods-SwiftID-checkManifestLockResult.txt",
			);
			runOnlyForDeploymentPostprocessing = 0;
			shellPath = /bin/sh;
			shellScript = "diff \"${PODS_PODFILE_DIR_PATH}/Podfile.lock\" \"${PODS_ROOT}/Manifest.lock\" > /dev/null\nif [ $? != 0 ] ; then\n    # print error to STDERR\n    echo \"error: The sandbox is not in sync with the Podfile.lock. Run 'pod install' or update your CocoaPods installation.\" >&2\n    exit 1\nfi\n# This output is used by Xcode 'outputs' to avoid re-running this script phase.\necho \"SUCCESS\" > \"${SCRIPT_OUTPUT_FILE_0}\"\n";
			showEnvVarsInLog = 0;
		};
		7DCD8F8C6E9404DB87B6180A /* [CP] Embed Pods Frameworks */ = {
			isa = PBXShellScriptBuildPhase;
			buildActionMask = 2147483647;
			files = (
			);
			inputFileListPaths = (
				"${PODS_ROOT}/Target Support Files/Pods-SwiftID/Pods-SwiftID-frameworks-${CONFIGURATION}-input-files.xcfilelist",
			);
			name = "[CP] Embed Pods Frameworks";
			outputFileListPaths = (
				"${PODS_ROOT}/Target Support Files/Pods-SwiftID/Pods-SwiftID-frameworks-${CONFIGURATION}-output-files.xcfilelist",
			);
			runOnlyForDeploymentPostprocessing = 0;
			shellPath = /bin/sh;
			shellScript = "\"${PODS_ROOT}/Target Support Files/Pods-SwiftID/Pods-SwiftID-frameworks.sh\"\n";
			showEnvVarsInLog = 0;
		};
		9E6F1E6FE48853E88BFED153 /* [CP] Embed Pods Frameworks */ = {
			isa = PBXShellScriptBuildPhase;
			buildActionMask = 2147483647;
			files = (
			);
			inputFileListPaths = (
				"${PODS_ROOT}/Target Support Files/Pods-SwiftID-SwiftIDTests/Pods-SwiftID-SwiftIDTests-frameworks-${CONFIGURATION}-input-files.xcfilelist",
			);
			name = "[CP] Embed Pods Frameworks";
			outputFileListPaths = (
				"${PODS_ROOT}/Target Support Files/Pods-SwiftID-SwiftIDTests/Pods-SwiftID-SwiftIDTests-frameworks-${CONFIGURATION}-output-files.xcfilelist",
			);
			runOnlyForDeploymentPostprocessing = 0;
			shellPath = /bin/sh;
			shellScript = "\"${PODS_ROOT}/Target Support Files/Pods-SwiftID-SwiftIDTests/Pods-SwiftID-SwiftIDTests-frameworks.sh\"\n";
			showEnvVarsInLog = 0;
		};
		AB4838C52C5A0F3C65AC40E4 /* [CP] Check Pods Manifest.lock */ = {
			isa = PBXShellScriptBuildPhase;
			buildActionMask = 2147483647;
			files = (
			);
			inputFileListPaths = (
			);
			inputPaths = (
				"${PODS_PODFILE_DIR_PATH}/Podfile.lock",
				"${PODS_ROOT}/Manifest.lock",
			);
			name = "[CP] Check Pods Manifest.lock";
			outputFileListPaths = (
			);
			outputPaths = (
				"$(DERIVED_FILE_DIR)/Pods-SwiftID-SwiftIDTests-checkManifestLockResult.txt",
			);
			runOnlyForDeploymentPostprocessing = 0;
			shellPath = /bin/sh;
			shellScript = "diff \"${PODS_PODFILE_DIR_PATH}/Podfile.lock\" \"${PODS_ROOT}/Manifest.lock\" > /dev/null\nif [ $? != 0 ] ; then\n    # print error to STDERR\n    echo \"error: The sandbox is not in sync with the Podfile.lock. Run 'pod install' or update your CocoaPods installation.\" >&2\n    exit 1\nfi\n# This output is used by Xcode 'outputs' to avoid re-running this script phase.\necho \"SUCCESS\" > \"${SCRIPT_OUTPUT_FILE_0}\"\n";
			showEnvVarsInLog = 0;
		};
/* End PBXShellScriptBuildPhase section */

/* Begin PBXSourcesBuildPhase section */
		79880A45240F212200878C2B /* Sources */ = {
			isa = PBXSourcesBuildPhase;
			buildActionMask = 2147483647;
			files = (
				79880A75240F239A00878C2B /* PriceResponse.swift in Sources */,
				79880A79240F241600878C2B /* Endpoint.swift in Sources */,
				79880A6F240F215C00878C2B /* BitcoinViewController.swift in Sources */,
				79EEB5AF2412FAED00623DCC /* BitcoinPriceFetcher.swift in Sources */,
				79880A7C240F25C700878C2B /* HTTPNetworking.swift in Sources */,
				79EEB5BE241410E100623DCC /* SwinjectStoryboard+Extension.swift in Sources */,
				79880A4D240F212200878C2B /* AppDelegate.swift in Sources */,
				79880A72240F237600878C2B /* Price.swift in Sources */,
				79880A77240F23B500878C2B /* Error.swift in Sources */,
				79880A4F240F212200878C2B /* SceneDelegate.swift in Sources */,
			);
			runOnlyForDeploymentPostprocessing = 0;
		};
		79880A5B240F212200878C2B /* Sources */ = {
			isa = PBXSourcesBuildPhase;
			buildActionMask = 2147483647;
			files = (
				79EEB5B324131B3C00623DCC /* NetworkTests.swift in Sources */,
				79880A64240F212200878C2B /* SwiftIDTests.swift in Sources */,
			);
			runOnlyForDeploymentPostprocessing = 0;
		};
/* End PBXSourcesBuildPhase section */

/* Begin PBXTargetDependency section */
		79880A61240F212200878C2B /* PBXTargetDependency */ = {
			isa = PBXTargetDependency;
			target = 79880A48240F212200878C2B /* SwiftID */;
			targetProxy = 79880A60240F212200878C2B /* PBXContainerItemProxy */;
		};
/* End PBXTargetDependency section */

/* Begin PBXVariantGroup section */
		79880A52240F212200878C2B /* Main.storyboard */ = {
			isa = PBXVariantGroup;
			children = (
				79880A53240F212200878C2B /* Base */,
			);
			name = Main.storyboard;
			sourceTree = "<group>";
		};
		79880A57240F212200878C2B /* LaunchScreen.storyboard */ = {
			isa = PBXVariantGroup;
			children = (
				79880A58240F212200878C2B /* Base */,
			);
			name = LaunchScreen.storyboard;
			sourceTree = "<group>";
		};
/* End PBXVariantGroup section */

/* Begin XCBuildConfiguration section */
		79880A66240F212200878C2B /* Debug */ = {
			isa = XCBuildConfiguration;
			buildSettings = {
				ALWAYS_SEARCH_USER_PATHS = NO;
				CLANG_ANALYZER_NONNULL = YES;
				CLANG_ANALYZER_NUMBER_OBJECT_CONVERSION = YES_AGGRESSIVE;
				CLANG_CXX_LANGUAGE_STANDARD = "gnu++14";
				CLANG_CXX_LIBRARY = "libc++";
				CLANG_ENABLE_MODULES = YES;
				CLANG_ENABLE_OBJC_ARC = YES;
				CLANG_ENABLE_OBJC_WEAK = YES;
				CLANG_WARN_BLOCK_CAPTURE_AUTORELEASING = YES;
				CLANG_WARN_BOOL_CONVERSION = YES;
				CLANG_WARN_COMMA = YES;
				CLANG_WARN_CONSTANT_CONVERSION = YES;
				CLANG_WARN_DEPRECATED_OBJC_IMPLEMENTATIONS = YES;
				CLANG_WARN_DIRECT_OBJC_ISA_USAGE = YES_ERROR;
				CLANG_WARN_DOCUMENTATION_COMMENTS = YES;
				CLANG_WARN_EMPTY_BODY = YES;
				CLANG_WARN_ENUM_CONVERSION = YES;
				CLANG_WARN_INFINITE_RECURSION = YES;
				CLANG_WARN_INT_CONVERSION = YES;
				CLANG_WARN_NON_LITERAL_NULL_CONVERSION = YES;
				CLANG_WARN_OBJC_IMPLICIT_RETAIN_SELF = YES;
				CLANG_WARN_OBJC_LITERAL_CONVERSION = YES;
				CLANG_WARN_OBJC_ROOT_CLASS = YES_ERROR;
				CLANG_WARN_RANGE_LOOP_ANALYSIS = YES;
				CLANG_WARN_STRICT_PROTOTYPES = YES;
				CLANG_WARN_SUSPICIOUS_MOVE = YES;
				CLANG_WARN_UNGUARDED_AVAILABILITY = YES_AGGRESSIVE;
				CLANG_WARN_UNREACHABLE_CODE = YES;
				CLANG_WARN__DUPLICATE_METHOD_MATCH = YES;
				COPY_PHASE_STRIP = NO;
				DEBUG_INFORMATION_FORMAT = dwarf;
				ENABLE_STRICT_OBJC_MSGSEND = YES;
				ENABLE_TESTABILITY = YES;
				GCC_C_LANGUAGE_STANDARD = gnu11;
				GCC_DYNAMIC_NO_PIC = NO;
				GCC_NO_COMMON_BLOCKS = YES;
				GCC_OPTIMIZATION_LEVEL = 0;
				GCC_PREPROCESSOR_DEFINITIONS = (
					"DEBUG=1",
					"$(inherited)",
				);
				GCC_WARN_64_TO_32_BIT_CONVERSION = YES;
				GCC_WARN_ABOUT_RETURN_TYPE = YES_ERROR;
				GCC_WARN_UNDECLARED_SELECTOR = YES;
				GCC_WARN_UNINITIALIZED_AUTOS = YES_AGGRESSIVE;
				GCC_WARN_UNUSED_FUNCTION = YES;
				GCC_WARN_UNUSED_VARIABLE = YES;
				IPHONEOS_DEPLOYMENT_TARGET = 13.2;
				MTL_ENABLE_DEBUG_INFO = INCLUDE_SOURCE;
				MTL_FAST_MATH = YES;
				ONLY_ACTIVE_ARCH = YES;
				SDKROOT = iphoneos;
				SWIFT_ACTIVE_COMPILATION_CONDITIONS = DEBUG;
				SWIFT_OPTIMIZATION_LEVEL = "-Onone";
			};
			name = Debug;
		};
		79880A67240F212200878C2B /* Release */ = {
			isa = XCBuildConfiguration;
			buildSettings = {
				ALWAYS_SEARCH_USER_PATHS = NO;
				CLANG_ANALYZER_NONNULL = YES;
				CLANG_ANALYZER_NUMBER_OBJECT_CONVERSION = YES_AGGRESSIVE;
				CLANG_CXX_LANGUAGE_STANDARD = "gnu++14";
				CLANG_CXX_LIBRARY = "libc++";
				CLANG_ENABLE_MODULES = YES;
				CLANG_ENABLE_OBJC_ARC = YES;
				CLANG_ENABLE_OBJC_WEAK = YES;
				CLANG_WARN_BLOCK_CAPTURE_AUTORELEASING = YES;
				CLANG_WARN_BOOL_CONVERSION = YES;
				CLANG_WARN_COMMA = YES;
				CLANG_WARN_CONSTANT_CONVERSION = YES;
				CLANG_WARN_DEPRECATED_OBJC_IMPLEMENTATIONS = YES;
				CLANG_WARN_DIRECT_OBJC_ISA_USAGE = YES_ERROR;
				CLANG_WARN_DOCUMENTATION_COMMENTS = YES;
				CLANG_WARN_EMPTY_BODY = YES;
				CLANG_WARN_ENUM_CONVERSION = YES;
				CLANG_WARN_INFINITE_RECURSION = YES;
				CLANG_WARN_INT_CONVERSION = YES;
				CLANG_WARN_NON_LITERAL_NULL_CONVERSION = YES;
				CLANG_WARN_OBJC_IMPLICIT_RETAIN_SELF = YES;
				CLANG_WARN_OBJC_LITERAL_CONVERSION = YES;
				CLANG_WARN_OBJC_ROOT_CLASS = YES_ERROR;
				CLANG_WARN_RANGE_LOOP_ANALYSIS = YES;
				CLANG_WARN_STRICT_PROTOTYPES = YES;
				CLANG_WARN_SUSPICIOUS_MOVE = YES;
				CLANG_WARN_UNGUARDED_AVAILABILITY = YES_AGGRESSIVE;
				CLANG_WARN_UNREACHABLE_CODE = YES;
				CLANG_WARN__DUPLICATE_METHOD_MATCH = YES;
				COPY_PHASE_STRIP = NO;
				DEBUG_INFORMATION_FORMAT = "dwarf-with-dsym";
				ENABLE_NS_ASSERTIONS = NO;
				ENABLE_STRICT_OBJC_MSGSEND = YES;
				GCC_C_LANGUAGE_STANDARD = gnu11;
				GCC_NO_COMMON_BLOCKS = YES;
				GCC_WARN_64_TO_32_BIT_CONVERSION = YES;
				GCC_WARN_ABOUT_RETURN_TYPE = YES_ERROR;
				GCC_WARN_UNDECLARED_SELECTOR = YES;
				GCC_WARN_UNINITIALIZED_AUTOS = YES_AGGRESSIVE;
				GCC_WARN_UNUSED_FUNCTION = YES;
				GCC_WARN_UNUSED_VARIABLE = YES;
				IPHONEOS_DEPLOYMENT_TARGET = 13.2;
				MTL_ENABLE_DEBUG_INFO = NO;
				MTL_FAST_MATH = YES;
				SDKROOT = iphoneos;
				SWIFT_COMPILATION_MODE = wholemodule;
				SWIFT_OPTIMIZATION_LEVEL = "-O";
				VALIDATE_PRODUCT = YES;
			};
			name = Release;
		};
		79880A69240F212200878C2B /* Debug */ = {
			isa = XCBuildConfiguration;
			baseConfigurationReference = E4E36F602589E716A1EDEC66 /* Pods-SwiftID.debug.xcconfig */;
			buildSettings = {
				ASSETCATALOG_COMPILER_APPICON_NAME = AppIcon;
				CODE_SIGN_STYLE = Automatic;
				DEVELOPMENT_TEAM = 8N376JP4MK;
				INFOPLIST_FILE = SwiftID/Info.plist;
				LD_RUNPATH_SEARCH_PATHS = (
					"$(inherited)",
					"@executable_path/Frameworks",
				);
				PRODUCT_BUNDLE_IDENTIFIER = Volonbolon.SwiftID;
				PRODUCT_NAME = "$(TARGET_NAME)";
				SWIFT_VERSION = 5.0;
				TARGETED_DEVICE_FAMILY = "1,2";
			};
			name = Debug;
		};
		79880A6A240F212200878C2B /* Release */ = {
			isa = XCBuildConfiguration;
			baseConfigurationReference = 416AE081B4123D07B0293344 /* Pods-SwiftID.release.xcconfig */;
			buildSettings = {
				ASSETCATALOG_COMPILER_APPICON_NAME = AppIcon;
				CODE_SIGN_STYLE = Automatic;
				DEVELOPMENT_TEAM = 8N376JP4MK;
				INFOPLIST_FILE = SwiftID/Info.plist;
				LD_RUNPATH_SEARCH_PATHS = (
					"$(inherited)",
					"@executable_path/Frameworks",
				);
				PRODUCT_BUNDLE_IDENTIFIER = Volonbolon.SwiftID;
				PRODUCT_NAME = "$(TARGET_NAME)";
				SWIFT_VERSION = 5.0;
				TARGETED_DEVICE_FAMILY = "1,2";
			};
			name = Release;
		};
		79880A6C240F212200878C2B /* Debug */ = {
			isa = XCBuildConfiguration;
			baseConfigurationReference = CA6A63E861C2AEBAB9B3F687 /* Pods-SwiftID-SwiftIDTests.debug.xcconfig */;
			buildSettings = {
				ALWAYS_EMBED_SWIFT_STANDARD_LIBRARIES = YES;
				BUNDLE_LOADER = "$(TEST_HOST)";
				CODE_SIGN_STYLE = Automatic;
				DEVELOPMENT_TEAM = 8N376JP4MK;
				INFOPLIST_FILE = SwiftIDTests/Info.plist;
				IPHONEOS_DEPLOYMENT_TARGET = 13.2;
				LD_RUNPATH_SEARCH_PATHS = (
					"$(inherited)",
					"@executable_path/Frameworks",
					"@loader_path/Frameworks",
				);
				PRODUCT_BUNDLE_IDENTIFIER = Volonbolon.SwiftIDTests;
				PRODUCT_NAME = "$(TARGET_NAME)";
				SWIFT_VERSION = 5.0;
				TARGETED_DEVICE_FAMILY = "1,2";
				TEST_HOST = "$(BUILT_PRODUCTS_DIR)/SwiftID.app/SwiftID";
			};
			name = Debug;
		};
		79880A6D240F212200878C2B /* Release */ = {
			isa = XCBuildConfiguration;
			baseConfigurationReference = 4F8069505195DE187EAFEDAE /* Pods-SwiftID-SwiftIDTests.release.xcconfig */;
			buildSettings = {
				ALWAYS_EMBED_SWIFT_STANDARD_LIBRARIES = YES;
				BUNDLE_LOADER = "$(TEST_HOST)";
				CODE_SIGN_STYLE = Automatic;
				DEVELOPMENT_TEAM = 8N376JP4MK;
				INFOPLIST_FILE = SwiftIDTests/Info.plist;
				IPHONEOS_DEPLOYMENT_TARGET = 13.2;
				LD_RUNPATH_SEARCH_PATHS = (
					"$(inherited)",
					"@executable_path/Frameworks",
					"@loader_path/Frameworks",
				);
				PRODUCT_BUNDLE_IDENTIFIER = Volonbolon.SwiftIDTests;
				PRODUCT_NAME = "$(TARGET_NAME)";
				SWIFT_VERSION = 5.0;
				TARGETED_DEVICE_FAMILY = "1,2";
				TEST_HOST = "$(BUILT_PRODUCTS_DIR)/SwiftID.app/SwiftID";
			};
			name = Release;
		};
/* End XCBuildConfiguration section */

/* Begin XCConfigurationList section */
		79880A44240F212200878C2B /* Build configuration list for PBXProject "SwiftID" */ = {
			isa = XCConfigurationList;
			buildConfigurations = (
				79880A66240F212200878C2B /* Debug */,
				79880A67240F212200878C2B /* Release */,
			);
			defaultConfigurationIsVisible = 0;
			defaultConfigurationName = Release;
		};
		79880A68240F212200878C2B /* Build configuration list for PBXNativeTarget "SwiftID" */ = {
			isa = XCConfigurationList;
			buildConfigurations = (
				79880A69240F212200878C2B /* Debug */,
				79880A6A240F212200878C2B /* Release */,
			);
			defaultConfigurationIsVisible = 0;
			defaultConfigurationName = Release;
		};
		79880A6B240F212200878C2B /* Build configuration list for PBXNativeTarget "SwiftIDTests" */ = {
			isa = XCConfigurationList;
			buildConfigurations = (
				79880A6C240F212200878C2B /* Debug */,
				79880A6D240F212200878C2B /* Release */,
			);
			defaultConfigurationIsVisible = 0;
			defaultConfigurationName = Release;
		};
/* End XCConfigurationList section */
	};
	rootObject = 79880A41240F212200878C2B /* Project object */;
}
